
Microsoft Visual Studio Solution File, Format Version 12.00
# Visual Studio 15
VisualStudioVersion = 15.0.28307.1927
MinimumVisualStudioVersion = 10.0.40219.1
Project("{D2ABAB84-BF74-430A-B69E-9DC6D40DDA17}") = "Profesional_Hockey_SSAS_NEW", "Profesional_Hockey_SSAS_NEW\Profesional_Hockey_SSAS_NEW.dwproj", "{495163DA-5944-4434-8761-C653B4A63E12}"
EndProject
Global
	GlobalSection(SolutionConfigurationPlatforms) = preSolution
		Development|Default = Development|Default
	EndGlobalSection
	GlobalSection(ProjectConfigurationPlatforms) = postSolution
		{495163DA-5944-4434-8761-C653B4A63E12}.Development|Default.ActiveCfg = Development
		{495163DA-5944-4434-8761-C653B4A63E12}.Development|Default.Build.0 = Development
		{495163DA-5944-4434-8761-C653B4A63E12}.Development|Default.Deploy.0 = Development
	EndGlobalSection
	GlobalSection(SolutionProperties) = preSolution
		HideSolutionNode = FALSE
	EndGlobalSection
	GlobalSection(ExtensibilityGlobals) = postSolution
		SolutionGuid = {313897A2-9D09-4C60-8401-24E8A35D5F81}
	EndGlobalSection
EndGlobal
