
Microsoft Visual Studio Solution File, Format Version 12.00
# Visual Studio 15
VisualStudioVersion = 15.0.28307.1927
MinimumVisualStudioVersion = 10.0.40219.1
Project("{159641D6-6404-4A2A-AE62-294DE0FE8301}") = "Professional_Hockey_Solution_New", "Professional_Hockey_Solution_New\Professional_Hockey_Solution_New.dtproj", "{AB121E08-80E0-4E79-A3CE-E6FC5DCF104B}"
EndProject
Global
	GlobalSection(SolutionConfigurationPlatforms) = preSolution
		Development|Default = Development|Default
	EndGlobalSection
	GlobalSection(ProjectConfigurationPlatforms) = postSolution
		{AB121E08-80E0-4E79-A3CE-E6FC5DCF104B}.Development|Default.ActiveCfg = Development
		{AB121E08-80E0-4E79-A3CE-E6FC5DCF104B}.Development|Default.Build.0 = Development
	EndGlobalSection
	GlobalSection(SolutionProperties) = preSolution
		HideSolutionNode = FALSE
	EndGlobalSection
	GlobalSection(ExtensibilityGlobals) = postSolution
		SolutionGuid = {A7CB9E64-FDE1-4A16-A978-4A50ED258C72}
	EndGlobalSection
EndGlobal
